
Microsoft Visual Studio Solution File, Format Version 12.00
# Visual Studio 2013
VisualStudioVersion = 12.0.0.0
MinimumVisualStudioVersion = 10.0.0.1
Project("{FAE04EC0-301F-11D3-BF4B-00C04F79EFBC}") = "FilmWishlist", "FilmWishlist\FilmWishlist.csproj", "{3A521F56-37F6-47D3-807F-CB1C10873104}"
EndProject
Project("{FAE04EC0-301F-11D3-BF4B-00C04F79EFBC}") = "UnitTests", "UnitTests\UnitTests.csproj", "{207D5DEA-1DC1-4451-B24A-D86A16765509}"
EndProject
Project("{FAE04EC0-301F-11D3-BF4B-00C04F79EFBC}") = "IntegrationTests", "IntegrationTests\IntegrationTests.csproj", "{B8895E3A-C2D9-4164-A9AB-CD3E4CD5393A}"
EndProject
Project("{FAE04EC0-301F-11D3-BF4B-00C04F79EFBC}") = "ContractTests", "ContractTests\ContractTests.csproj", "{0A143629-7999-4755-8081-FBAAAF6FED95}"
EndProject
Project("{FAE04EC0-301F-11D3-BF4B-00C04F79EFBC}") = "FunctionalTests", "FunctionalTests\FunctionalTests.csproj", "{303EF1C9-4356-4522-976A-81AC97FDBC0D}"
EndProject
Project("{FAE04EC0-301F-11D3-BF4B-00C04F79EFBC}") = "TestHelpers", "TestHelpers\TestHelpers.csproj", "{05BEF03B-8142-4D83-9C51-7D364AC100BC}"
EndProject
Global
	GlobalSection(SolutionConfigurationPlatforms) = preSolution
		Debug|Any CPU = Debug|Any CPU
		Release|Any CPU = Release|Any CPU
	EndGlobalSection
	GlobalSection(ProjectConfigurationPlatforms) = postSolution
		{3A521F56-37F6-47D3-807F-CB1C10873104}.Debug|Any CPU.ActiveCfg = Debug|Any CPU
		{3A521F56-37F6-47D3-807F-CB1C10873104}.Debug|Any CPU.Build.0 = Debug|Any CPU
		{3A521F56-37F6-47D3-807F-CB1C10873104}.Release|Any CPU.ActiveCfg = Release|Any CPU
		{3A521F56-37F6-47D3-807F-CB1C10873104}.Release|Any CPU.Build.0 = Release|Any CPU
		{207D5DEA-1DC1-4451-B24A-D86A16765509}.Debug|Any CPU.ActiveCfg = Debug|Any CPU
		{207D5DEA-1DC1-4451-B24A-D86A16765509}.Debug|Any CPU.Build.0 = Debug|Any CPU
		{207D5DEA-1DC1-4451-B24A-D86A16765509}.Release|Any CPU.ActiveCfg = Release|Any CPU
		{207D5DEA-1DC1-4451-B24A-D86A16765509}.Release|Any CPU.Build.0 = Release|Any CPU
		{B8895E3A-C2D9-4164-A9AB-CD3E4CD5393A}.Debug|Any CPU.ActiveCfg = Debug|Any CPU
		{B8895E3A-C2D9-4164-A9AB-CD3E4CD5393A}.Debug|Any CPU.Build.0 = Debug|Any CPU
		{B8895E3A-C2D9-4164-A9AB-CD3E4CD5393A}.Release|Any CPU.ActiveCfg = Release|Any CPU
		{B8895E3A-C2D9-4164-A9AB-CD3E4CD5393A}.Release|Any CPU.Build.0 = Release|Any CPU
		{0A143629-7999-4755-8081-FBAAAF6FED95}.Debug|Any CPU.ActiveCfg = Debug|Any CPU
		{0A143629-7999-4755-8081-FBAAAF6FED95}.Debug|Any CPU.Build.0 = Debug|Any CPU
		{0A143629-7999-4755-8081-FBAAAF6FED95}.Release|Any CPU.ActiveCfg = Release|Any CPU
		{0A143629-7999-4755-8081-FBAAAF6FED95}.Release|Any CPU.Build.0 = Release|Any CPU
		{303EF1C9-4356-4522-976A-81AC97FDBC0D}.Debug|Any CPU.ActiveCfg = Debug|Any CPU
		{303EF1C9-4356-4522-976A-81AC97FDBC0D}.Debug|Any CPU.Build.0 = Debug|Any CPU
		{303EF1C9-4356-4522-976A-81AC97FDBC0D}.Release|Any CPU.ActiveCfg = Release|Any CPU
		{303EF1C9-4356-4522-976A-81AC97FDBC0D}.Release|Any CPU.Build.0 = Release|Any CPU
		{05BEF03B-8142-4D83-9C51-7D364AC100BC}.Debug|Any CPU.ActiveCfg = Debug|Any CPU
		{05BEF03B-8142-4D83-9C51-7D364AC100BC}.Debug|Any CPU.Build.0 = Debug|Any CPU
		{05BEF03B-8142-4D83-9C51-7D364AC100BC}.Release|Any CPU.ActiveCfg = Release|Any CPU
		{05BEF03B-8142-4D83-9C51-7D364AC100BC}.Release|Any CPU.Build.0 = Release|Any CPU
	EndGlobalSection
	GlobalSection(SolutionProperties) = preSolution
		HideSolutionNode = FALSE
	EndGlobalSection
EndGlobal
